
Microsoft Visual Studio Solution File, Format Version 12.00
# Visual Studio Version 17
VisualStudioVersion = 17.14.36401.2 d17.14
MinimumVisualStudioVersion = 10.0.40219.1
Project("{FAE04EC0-301F-11D3-BF4B-00C04F79EFBC}") = "EF2_ITI", "EF2_ITI.csproj", "{F5592F5E-D99F-405D-8571-4D1C52988F4A}"
EndProject
Global
	GlobalSection(SolutionConfigurationPlatforms) = preSolution
		Debug|Any CPU = Debug|Any CPU
		Release|Any CPU = Release|Any CPU
	EndGlobalSection
	GlobalSection(ProjectConfigurationPlatforms) = postSolution
		{F5592F5E-D99F-405D-8571-4D1C52988F4A}.Debug|Any CPU.ActiveCfg = Debug|Any CPU
		{F5592F5E-D99F-405D-8571-4D1C52988F4A}.Debug|Any CPU.Build.0 = Debug|Any CPU
		{F5592F5E-D99F-405D-8571-4D1C52988F4A}.Release|Any CPU.ActiveCfg = Release|Any CPU
		{F5592F5E-D99F-405D-8571-4D1C52988F4A}.Release|Any CPU.Build.0 = Release|Any CPU
	EndGlobalSection
	GlobalSection(SolutionProperties) = preSolution
		HideSolutionNode = FALSE
	EndGlobalSection
	GlobalSection(ExtensibilityGlobals) = postSolution
		SolutionGuid = {DFB55C3B-0BC1-4C5F-B614-9A0F0C92601B}
	EndGlobalSection
EndGlobal
